// !$*UTF8*$!
{
	archiveVersion = 1;
	classes = {
	};
	objectVersion = 56;
	objects = {

/* Begin PBXBuildFile section */
		9B850AFF2AFEC2220040D1DB /* Homework1.swift in Sources */ = {isa = PBXBuildFile; fileRef = 9B850AFE2AFEC2220040D1DB /* Homework1.swift */; };
		9B850B012AFEC2D10040D1DB /* Homework1.storyboard in Resources */ = {isa = PBXBuildFile; fileRef = 9B850B002AFEC2D10040D1DB /* Homework1.storyboard */; };
		9B850B072AFF98210040D1DB /* Homework2.swift in Sources */ = {isa = PBXBuildFile; fileRef = 9B850B062AFF98210040D1DB /* Homework2.swift */; };
		9B850B092AFF98AB0040D1DB /* Homework2.storyboard in Resources */ = {isa = PBXBuildFile; fileRef = 9B850B082AFF98AB0040D1DB /* Homework2.storyboard */; };
		9B850B0B2AFF9D4C0040D1DB /* Homework3.swift in Sources */ = {isa = PBXBuildFile; fileRef = 9B850B0A2AFF9D4C0040D1DB /* Homework3.swift */; };
		9B850B0D2AFF9DA60040D1DB /* Homework3.storyboard in Resources */ = {isa = PBXBuildFile; fileRef = 9B850B0C2AFF9DA60040D1DB /* Homework3.storyboard */; };
		9BF1B4192AFE762D00D17FFE /* AppDelegate.swift in Sources */ = {isa = PBXBuildFile; fileRef = 9BF1B4182AFE762D00D17FFE /* AppDelegate.swift */; };
		9BF1B41B2AFE762D00D17FFE /* SceneDelegate.swift in Sources */ = {isa = PBXBuildFile; fileRef = 9BF1B41A2AFE762D00D17FFE /* SceneDelegate.swift */; };
		9BF1B41D2AFE762D00D17FFE /* ViewController.swift in Sources */ = {isa = PBXBuildFile; fileRef = 9BF1B41C2AFE762D00D17FFE /* ViewController.swift */; };
		9BF1B4202AFE762D00D17FFE /* Main.storyboard in Resources */ = {isa = PBXBuildFile; fileRef = 9BF1B41E2AFE762D00D17FFE /* Main.storyboard */; };
		9BF1B4222AFE763000D17FFE /* Assets.xcassets in Resources */ = {isa = PBXBuildFile; fileRef = 9BF1B4212AFE763000D17FFE /* Assets.xcassets */; };
		9BF1B4252AFE763000D17FFE /* LaunchScreen.storyboard in Resources */ = {isa = PBXBuildFile; fileRef = 9BF1B4232AFE763000D17FFE /* LaunchScreen.storyboard */; };
		9BF1B42D2AFE79EC00D17FFE /* SwiftUIView.swift in Sources */ = {isa = PBXBuildFile; fileRef = 9BF1B42C2AFE79EC00D17FFE /* SwiftUIView.swift */; };
/* End PBXBuildFile section */

/* Begin PBXFileReference section */
		9B850AFE2AFEC2220040D1DB /* Homework1.swift */ = {isa = PBXFileReference; lastKnownFileType = sourcecode.swift; path = Homework1.swift; sourceTree = "<group>"; };
		9B850B002AFEC2D10040D1DB /* Homework1.storyboard */ = {isa = PBXFileReference; lastKnownFileType = file.storyboard; path = Homework1.storyboard; sourceTree = "<group>"; };
		9B850B062AFF98210040D1DB /* Homework2.swift */ = {isa = PBXFileReference; lastKnownFileType = sourcecode.swift; path = Homework2.swift; sourceTree = "<group>"; };
		9B850B082AFF98AB0040D1DB /* Homework2.storyboard */ = {isa = PBXFileReference; lastKnownFileType = file.storyboard; path = Homework2.storyboard; sourceTree = "<group>"; };
		9B850B0A2AFF9D4C0040D1DB /* Homework3.swift */ = {isa = PBXFileReference; lastKnownFileType = sourcecode.swift; path = Homework3.swift; sourceTree = "<group>"; };
		9B850B0C2AFF9DA60040D1DB /* Homework3.storyboard */ = {isa = PBXFileReference; lastKnownFileType = file.storyboard; path = Homework3.storyboard; sourceTree = "<group>"; };
		9BF1B4152AFE762D00D17FFE /* Dz1.app */ = {isa = PBXFileReference; explicitFileType = wrapper.application; includeInIndex = 0; path = Dz1.app; sourceTree = BUILT_PRODUCTS_DIR; };
		9BF1B4182AFE762D00D17FFE /* AppDelegate.swift */ = {isa = PBXFileReference; lastKnownFileType = sourcecode.swift; path = AppDelegate.swift; sourceTree = "<group>"; };
		9BF1B41A2AFE762D00D17FFE /* SceneDelegate.swift */ = {isa = PBXFileReference; lastKnownFileType = sourcecode.swift; path = SceneDelegate.swift; sourceTree = "<group>"; };
		9BF1B41C2AFE762D00D17FFE /* ViewController.swift */ = {isa = PBXFileReference; lastKnownFileType = sourcecode.swift; path = ViewController.swift; sourceTree = "<group>"; };
		9BF1B41F2AFE762D00D17FFE /* Base */ = {isa = PBXFileReference; lastKnownFileType = file.storyboard; name = Base; path = Base.lproj/Main.storyboard; sourceTree = "<group>"; };
		9BF1B4212AFE763000D17FFE /* Assets.xcassets */ = {isa = PBXFileReference; lastKnownFileType = folder.assetcatalog; path = Assets.xcassets; sourceTree = "<group>"; };
		9BF1B4242AFE763000D17FFE /* Base */ = {isa = PBXFileReference; lastKnownFileType = file.storyboard; name = Base; path = Base.lproj/LaunchScreen.storyboard; sourceTree = "<group>"; };
		9BF1B4262AFE763000D17FFE /* Info.plist */ = {isa = PBXFileReference; lastKnownFileType = text.plist.xml; path = Info.plist; sourceTree = "<group>"; };
		9BF1B42C2AFE79EC00D17FFE /* SwiftUIView.swift */ = {isa = PBXFileReference; lastKnownFileType = sourcecode.swift; path = SwiftUIView.swift; sourceTree = "<group>"; };
/* End PBXFileReference section */

/* Begin PBXFrameworksBuildPhase section */
		9BF1B4122AFE762D00D17FFE /* Frameworks */ = {
			isa = PBXFrameworksBuildPhase;
			buildActionMask = 2147483647;
			files = (
			);
			runOnlyForDeploymentPostprocessing = 0;
		};
/* End PBXFrameworksBuildPhase section */

/* Begin PBXGroup section */
		9B850AFD2AFEC1F70040D1DB /* Homework1 */ = {
			isa = PBXGroup;
			children = (
				9B850AFE2AFEC2220040D1DB /* Homework1.swift */,
				9B850B002AFEC2D10040D1DB /* Homework1.storyboard */,
			);
			path = Homework1;
			sourceTree = "<group>";
		};
		9B850B022AFF978F0040D1DB /* Homework2 */ = {
			isa = PBXGroup;
			children = (
				9B850B062AFF98210040D1DB /* Homework2.swift */,
				9B850B082AFF98AB0040D1DB /* Homework2.storyboard */,
			);
			path = Homework2;
			sourceTree = "<group>";
		};
		9B850B032AFF979F0040D1DB /* Homework3 */ = {
			isa = PBXGroup;
			children = (
				9B850B0A2AFF9D4C0040D1DB /* Homework3.swift */,
				9B850B0C2AFF9DA60040D1DB /* Homework3.storyboard */,
			);
			path = Homework3;
			sourceTree = "<group>";
		};
		9BF1B40C2AFE762D00D17FFE = {
			isa = PBXGroup;
			children = (
				9BF1B4172AFE762D00D17FFE /* Dz1 */,
				9BF1B4162AFE762D00D17FFE /* Products */,
			);
			sourceTree = "<group>";
		};
		9BF1B4162AFE762D00D17FFE /* Products */ = {
			isa = PBXGroup;
			children = (
				9BF1B4152AFE762D00D17FFE /* Dz1.app */,
			);
			name = Products;
			sourceTree = "<group>";
		};
		9BF1B4172AFE762D00D17FFE /* Dz1 */ = {
			isa = PBXGroup;
			children = (
				9B850B032AFF979F0040D1DB /* Homework3 */,
				9B850B022AFF978F0040D1DB /* Homework2 */,
				9B850AFD2AFEC1F70040D1DB /* Homework1 */,
				9BF1B4182AFE762D00D17FFE /* AppDelegate.swift */,
				9BF1B41A2AFE762D00D17FFE /* SceneDelegate.swift */,
				9BF1B41C2AFE762D00D17FFE /* ViewController.swift */,
				9BF1B42C2AFE79EC00D17FFE /* SwiftUIView.swift */,
				9BF1B41E2AFE762D00D17FFE /* Main.storyboard */,
				9BF1B4212AFE763000D17FFE /* Assets.xcassets */,
				9BF1B4232AFE763000D17FFE /* LaunchScreen.storyboard */,
				9BF1B4262AFE763000D17FFE /* Info.plist */,
			);
			path = Dz1;
			sourceTree = "<group>";
		};
/* End PBXGroup section */

/* Begin PBXNativeTarget section */
		9BF1B4142AFE762D00D17FFE /* Dz1 */ = {
			isa = PBXNativeTarget;
			buildConfigurationList = 9BF1B4292AFE763000D17FFE /* Build configuration list for PBXNativeTarget "Dz1" */;
			buildPhases = (
				9BF1B4112AFE762D00D17FFE /* Sources */,
				9BF1B4122AFE762D00D17FFE /* Frameworks */,
				9BF1B4132AFE762D00D17FFE /* Resources */,
			);
			buildRules = (
			);
			dependencies = (
			);
			name = Dz1;
			productName = Dz1;
			productReference = 9BF1B4152AFE762D00D17FFE /* Dz1.app */;
			productType = "com.apple.product-type.application";
		};
/* End PBXNativeTarget section */

/* Begin PBXProject section */
		9BF1B40D2AFE762D00D17FFE /* Project object */ = {
			isa = PBXProject;
			attributes = {
				BuildIndependentTargetsInParallel = 1;
				LastSwiftUpdateCheck = 1430;
				LastUpgradeCheck = 1430;
				TargetAttributes = {
					9BF1B4142AFE762D00D17FFE = {
						CreatedOnToolsVersion = 14.3;
					};
				};
			};
			buildConfigurationList = 9BF1B4102AFE762D00D17FFE /* Build configuration list for PBXProject "Dz1" */;
			compatibilityVersion = "Xcode 14.0";
			developmentRegion = en;
			hasScannedForEncodings = 0;
			knownRegions = (
				en,
				Base,
			);
			mainGroup = 9BF1B40C2AFE762D00D17FFE;
			productRefGroup = 9BF1B4162AFE762D00D17FFE /* Products */;
			projectDirPath = "";
			projectRoot = "";
			targets = (
				9BF1B4142AFE762D00D17FFE /* Dz1 */,
			);
		};
/* End PBXProject section */

/* Begin PBXResourcesBuildPhase section */
		9BF1B4132AFE762D00D17FFE /* Resources */ = {
			isa = PBXResourcesBuildPhase;
			buildActionMask = 2147483647;
			files = (
				9B850B012AFEC2D10040D1DB /* Homework1.storyboard in Resources */,
				9BF1B4252AFE763000D17FFE /* LaunchScreen.storyboard in Resources */,
				9BF1B4222AFE763000D17FFE /* Assets.xcassets in Resources */,
				9BF1B4202AFE762D00D17FFE /* Main.storyboard in Resources */,
				9B850B0D2AFF9DA60040D1DB /* Homework3.storyboard in Resources */,
				9B850B092AFF98AB0040D1DB /* Homework2.storyboard in Resources */,
			);
			runOnlyForDeploymentPostprocessing = 0;
		};
/* End PBXResourcesBuildPhase section */

/* Begin PBXSourcesBuildPhase section */
		9BF1B4112AFE762D00D17FFE /* Sources */ = {
			isa = PBXSourcesBuildPhase;
			buildActionMask = 2147483647;
			files = (
				9B850B072AFF98210040D1DB /* Homework2.swift in Sources */,
				9B850AFF2AFEC2220040D1DB /* Homework1.swift in Sources */,
				9BF1B41D2AFE762D00D17FFE /* ViewController.swift in Sources */,
				9BF1B4192AFE762D00D17FFE /* AppDelegate.swift in Sources */,
				9B850B0B2AFF9D4C0040D1DB /* Homework3.swift in Sources */,
				9BF1B42D2AFE79EC00D17FFE /* SwiftUIView.swift in Sources */,
				9BF1B41B2AFE762D00D17FFE /* SceneDelegate.swift in Sources */,
			);
			runOnlyForDeploymentPostprocessing = 0;
		};
/* End PBXSourcesBuildPhase section */

/* Begin PBXVariantGroup section */
		9BF1B41E2AFE762D00D17FFE /* Main.storyboard */ = {
			isa = PBXVariantGroup;
			children = (
				9BF1B41F2AFE762D00D17FFE /* Base */,
			);
			name = Main.storyboard;
			sourceTree = "<group>";
		};
		9BF1B4232AFE763000D17FFE /* LaunchScreen.storyboard */ = {
			isa = PBXVariantGroup;
			children = (
				9BF1B4242AFE763000D17FFE /* Base */,
			);
			name = LaunchScreen.storyboard;
			sourceTree = "<group>";
		};
/* End PBXVariantGroup section */

/* Begin XCBuildConfiguration section */
		9BF1B4272AFE763000D17FFE /* Debug */ = {
			isa = XCBuildConfiguration;
			buildSettings = {
				ALWAYS_SEARCH_USER_PATHS = NO;
				CLANG_ANALYZER_NONNULL = YES;
				CLANG_ANALYZER_NUMBER_OBJECT_CONVERSION = YES_AGGRESSIVE;
				CLANG_CXX_LANGUAGE_STANDARD = "gnu++20";
				CLANG_ENABLE_MODULES = YES;
				CLANG_ENABLE_OBJC_ARC = YES;
				CLANG_ENABLE_OBJC_WEAK = YES;
				CLANG_WARN_BLOCK_CAPTURE_AUTORELEASING = YES;
				CLANG_WARN_BOOL_CONVERSION = YES;
				CLANG_WARN_COMMA = YES;
				CLANG_WARN_CONSTANT_CONVERSION = YES;
				CLANG_WARN_DEPRECATED_OBJC_IMPLEMENTATIONS = YES;
				CLANG_WARN_DIRECT_OBJC_ISA_USAGE = YES_ERROR;
				CLANG_WARN_DOCUMENTATION_COMMENTS = YES;
				CLANG_WARN_EMPTY_BODY = YES;
				CLANG_WARN_ENUM_CONVERSION = YES;
				CLANG_WARN_INFINITE_RECURSION = YES;
				CLANG_WARN_INT_CONVERSION = YES;
				CLANG_WARN_NON_LITERAL_NULL_CONVERSION = YES;
				CLANG_WARN_OBJC_IMPLICIT_RETAIN_SELF = YES;
				CLANG_WARN_OBJC_LITERAL_CONVERSION = YES;
				CLANG_WARN_OBJC_ROOT_CLASS = YES_ERROR;
				CLANG_WARN_QUOTED_INCLUDE_IN_FRAMEWORK_HEADER = YES;
				CLANG_WARN_RANGE_LOOP_ANALYSIS = YES;
				CLANG_WARN_STRICT_PROTOTYPES = YES;
				CLANG_WARN_SUSPICIOUS_MOVE = YES;
				CLANG_WARN_UNGUARDED_AVAILABILITY = YES_AGGRESSIVE;
				CLANG_WARN_UNREACHABLE_CODE = YES;
				CLANG_WARN__DUPLICATE_METHOD_MATCH = YES;
				COPY_PHASE_STRIP = NO;
				DEBUG_INFORMATION_FORMAT = dwarf;
				ENABLE_STRICT_OBJC_MSGSEND = YES;
				ENABLE_TESTABILITY = YES;
				GCC_C_LANGUAGE_STANDARD = gnu11;
				GCC_DYNAMIC_NO_PIC = NO;
				GCC_NO_COMMON_BLOCKS = YES;
				GCC_OPTIMIZATION_LEVEL = 0;
				GCC_PREPROCESSOR_DEFINITIONS = (
					"DEBUG=1",
					"$(inherited)",
				);
				GCC_WARN_64_TO_32_BIT_CONVERSION = YES;
				GCC_WARN_ABOUT_RETURN_TYPE = YES_ERROR;
				GCC_WARN_UNDECLARED_SELECTOR = YES;
				GCC_WARN_UNINITIALIZED_AUTOS = YES_AGGRESSIVE;
				GCC_WARN_UNUSED_FUNCTION = YES;
				GCC_WARN_UNUSED_VARIABLE = YES;
				IPHONEOS_DEPLOYMENT_TARGET = 16.4;
				MTL_ENABLE_DEBUG_INFO = INCLUDE_SOURCE;
				MTL_FAST_MATH = YES;
				ONLY_ACTIVE_ARCH = YES;
				SDKROOT = iphoneos;
				SWIFT_ACTIVE_COMPILATION_CONDITIONS = DEBUG;
				SWIFT_OPTIMIZATION_LEVEL = "-Onone";
			};
			name = Debug;
		};
		9BF1B4282AFE763000D17FFE /* Release */ = {
			isa = XCBuildConfiguration;
			buildSettings = {
				ALWAYS_SEARCH_USER_PATHS = NO;
				CLANG_ANALYZER_NONNULL = YES;
				CLANG_ANALYZER_NUMBER_OBJECT_CONVERSION = YES_AGGRESSIVE;
				CLANG_CXX_LANGUAGE_STANDARD = "gnu++20";
				CLANG_ENABLE_MODULES = YES;
				CLANG_ENABLE_OBJC_ARC = YES;
				CLANG_ENABLE_OBJC_WEAK = YES;
				CLANG_WARN_BLOCK_CAPTURE_AUTORELEASING = YES;
				CLANG_WARN_BOOL_CONVERSION = YES;
				CLANG_WARN_COMMA = YES;
				CLANG_WARN_CONSTANT_CONVERSION = YES;
				CLANG_WARN_DEPRECATED_OBJC_IMPLEMENTATIONS = YES;
				CLANG_WARN_DIRECT_OBJC_ISA_USAGE = YES_ERROR;
				CLANG_WARN_DOCUMENTATION_COMMENTS = YES;
				CLANG_WARN_EMPTY_BODY = YES;
				CLANG_WARN_ENUM_CONVERSION = YES;
				CLANG_WARN_INFINITE_RECURSION = YES;
				CLANG_WARN_INT_CONVERSION = YES;
				CLANG_WARN_NON_LITERAL_NULL_CONVERSION = YES;
				CLANG_WARN_OBJC_IMPLICIT_RETAIN_SELF = YES;
				CLANG_WARN_OBJC_LITERAL_CONVERSION = YES;
				CLANG_WARN_OBJC_ROOT_CLASS = YES_ERROR;
				CLANG_WARN_QUOTED_INCLUDE_IN_FRAMEWORK_HEADER = YES;
				CLANG_WARN_RANGE_LOOP_ANALYSIS = YES;
				CLANG_WARN_STRICT_PROTOTYPES = YES;
				CLANG_WARN_SUSPICIOUS_MOVE = YES;
				CLANG_WARN_UNGUARDED_AVAILABILITY = YES_AGGRESSIVE;
				CLANG_WARN_UNREACHABLE_CODE = YES;
				CLANG_WARN__DUPLICATE_METHOD_MATCH = YES;
				COPY_PHASE_STRIP = NO;
				DEBUG_INFORMATION_FORMAT = "dwarf-with-dsym";
				ENABLE_NS_ASSERTIONS = NO;
				ENABLE_STRICT_OBJC_MSGSEND = YES;
				GCC_C_LANGUAGE_STANDARD = gnu11;
				GCC_NO_COMMON_BLOCKS = YES;
				GCC_WARN_64_TO_32_BIT_CONVERSION = YES;
				GCC_WARN_ABOUT_RETURN_TYPE = YES_ERROR;
				GCC_WARN_UNDECLARED_SELECTOR = YES;
				GCC_WARN_UNINITIALIZED_AUTOS = YES_AGGRESSIVE;
				GCC_WARN_UNUSED_FUNCTION = YES;
				GCC_WARN_UNUSED_VARIABLE = YES;
				IPHONEOS_DEPLOYMENT_TARGET = 16.4;
				MTL_ENABLE_DEBUG_INFO = NO;
				MTL_FAST_MATH = YES;
				SDKROOT = iphoneos;
				SWIFT_COMPILATION_MODE = wholemodule;
				SWIFT_OPTIMIZATION_LEVEL = "-O";
				VALIDATE_PRODUCT = YES;
			};
			name = Release;
		};
		9BF1B42A2AFE763000D17FFE /* Debug */ = {
			isa = XCBuildConfiguration;
			buildSettings = {
				ASSETCATALOG_COMPILER_APPICON_NAME = AppIcon;
				ASSETCATALOG_COMPILER_GLOBAL_ACCENT_COLOR_NAME = AccentColor;
				CODE_SIGN_STYLE = Automatic;
				CURRENT_PROJECT_VERSION = 1;
				GENERATE_INFOPLIST_FILE = YES;
				INFOPLIST_FILE = Dz1/Info.plist;
				INFOPLIST_KEY_UIApplicationSupportsIndirectInputEvents = YES;
				INFOPLIST_KEY_UILaunchStoryboardName = LaunchScreen;
				INFOPLIST_KEY_UIMainStoryboardFile = Main;
				INFOPLIST_KEY_UISupportedInterfaceOrientations_iPad = "UIInterfaceOrientationPortrait UIInterfaceOrientationPortraitUpsideDown UIInterfaceOrientationLandscapeLeft UIInterfaceOrientationLandscapeRight";
				INFOPLIST_KEY_UISupportedInterfaceOrientations_iPhone = "UIInterfaceOrientationPortrait UIInterfaceOrientationLandscapeLeft UIInterfaceOrientationLandscapeRight";
				LD_RUNPATH_SEARCH_PATHS = (
					"$(inherited)",
					"@executable_path/Frameworks",
				);
				MARKETING_VERSION = 1.0;
				PRODUCT_BUNDLE_IDENTIFIER = pp.Dz1;
				PRODUCT_NAME = "$(TARGET_NAME)";
				SWIFT_EMIT_LOC_STRINGS = YES;
				SWIFT_VERSION = 5.0;
				TARGETED_DEVICE_FAMILY = "1,2";
			};
			name = Debug;
		};
		9BF1B42B2AFE763000D17FFE /* Release */ = {
			isa = XCBuildConfiguration;
			buildSettings = {
				ASSETCATALOG_COMPILER_APPICON_NAME = AppIcon;
				ASSETCATALOG_COMPILER_GLOBAL_ACCENT_COLOR_NAME = AccentColor;
				CODE_SIGN_STYLE = Automatic;
				CURRENT_PROJECT_VERSION = 1;
				GENERATE_INFOPLIST_FILE = YES;
				INFOPLIST_FILE = Dz1/Info.plist;
				INFOPLIST_KEY_UIApplicationSupportsIndirectInputEvents = YES;
				INFOPLIST_KEY_UILaunchStoryboardName = LaunchScreen;
				INFOPLIST_KEY_UIMainStoryboardFile = Main;
				INFOPLIST_KEY_UISupportedInterfaceOrientations_iPad = "UIInterfaceOrientationPortrait UIInterfaceOrientationPortraitUpsideDown UIInterfaceOrientationLandscapeLeft UIInterfaceOrientationLandscapeRight";
				INFOPLIST_KEY_UISupportedInterfaceOrientations_iPhone = "UIInterfaceOrientationPortrait UIInterfaceOrientationLandscapeLeft UIInterfaceOrientationLandscapeRight";
				LD_RUNPATH_SEARCH_PATHS = (
					"$(inherited)",
					"@executable_path/Frameworks",
				);
				MARKETING_VERSION = 1.0;
				PRODUCT_BUNDLE_IDENTIFIER = pp.Dz1;
				PRODUCT_NAME = "$(TARGET_NAME)";
				SWIFT_EMIT_LOC_STRINGS = YES;
				SWIFT_VERSION = 5.0;
				TARGETED_DEVICE_FAMILY = "1,2";
			};
			name = Release;
		};
/* End XCBuildConfiguration section */

/* Begin XCConfigurationList section */
		9BF1B4102AFE762D00D17FFE /* Build configuration list for PBXProject "Dz1" */ = {
			isa = XCConfigurationList;
			buildConfigurations = (
				9BF1B4272AFE763000D17FFE /* Debug */,
				9BF1B4282AFE763000D17FFE /* Release */,
			);
			defaultConfigurationIsVisible = 0;
			defaultConfigurationName = Release;
		};
		9BF1B4292AFE763000D17FFE /* Build configuration list for PBXNativeTarget "Dz1" */ = {
			isa = XCConfigurationList;
			buildConfigurations = (
				9BF1B42A2AFE763000D17FFE /* Debug */,
				9BF1B42B2AFE763000D17FFE /* Release */,
			);
			defaultConfigurationIsVisible = 0;
			defaultConfigurationName = Release;
		};
/* End XCConfigurationList section */
	};
	rootObject = 9BF1B40D2AFE762D00D17FFE /* Project object */;
}
